
Microsoft Visual Studio Solution File, Format Version 12.00
# Visual Studio Version 17
VisualStudioVersion = 17.9.34714.143
MinimumVisualStudioVersion = 10.0.40219.1
Project("{FAE04EC0-301F-11D3-BF4B-00C04F79EFBC}") = "ExamQuestions", "ExamQuestions.csproj", "{149B0CA6-D83D-4F4C-80EA-2E7000133A05}"
EndProject
Global
	GlobalSection(SolutionConfigurationPlatforms) = preSolution
		Debug|Any CPU = Debug|Any CPU
		Release|Any CPU = Release|Any CPU
	EndGlobalSection
	GlobalSection(ProjectConfigurationPlatforms) = postSolution
		{149B0CA6-D83D-4F4C-80EA-2E7000133A05}.Debug|Any CPU.ActiveCfg = Debug|Any CPU
		{149B0CA6-D83D-4F4C-80EA-2E7000133A05}.Debug|Any CPU.Build.0 = Debug|Any CPU
		{149B0CA6-D83D-4F4C-80EA-2E7000133A05}.Release|Any CPU.ActiveCfg = Release|Any CPU
		{149B0CA6-D83D-4F4C-80EA-2E7000133A05}.Release|Any CPU.Build.0 = Release|Any CPU
	EndGlobalSection
	GlobalSection(SolutionProperties) = preSolution
		HideSolutionNode = FALSE
	EndGlobalSection
	GlobalSection(ExtensibilityGlobals) = postSolution
		SolutionGuid = {9683DDF6-331A-4BAB-B5FE-63178C694242}
	EndGlobalSection
EndGlobal
