
Microsoft Visual Studio Solution File, Format Version 12.00
# Visual Studio Version 17
VisualStudioVersion = 17.9.34714.143
MinimumVisualStudioVersion = 10.0.40219.1
Project("{FAE04EC0-301F-11D3-BF4B-00C04F79EFBC}") = "MVC_Demonstration", "MVC_Demonstration.csproj", "{3477DC8A-A885-41EB-BD4B-39B881567290}"
EndProject
Global
	GlobalSection(SolutionConfigurationPlatforms) = preSolution
		Debug|Any CPU = Debug|Any CPU
		Release|Any CPU = Release|Any CPU
	EndGlobalSection
	GlobalSection(ProjectConfigurationPlatforms) = postSolution
		{3477DC8A-A885-41EB-BD4B-39B881567290}.Debug|Any CPU.ActiveCfg = Debug|Any CPU
		{3477DC8A-A885-41EB-BD4B-39B881567290}.Debug|Any CPU.Build.0 = Debug|Any CPU
		{3477DC8A-A885-41EB-BD4B-39B881567290}.Release|Any CPU.ActiveCfg = Release|Any CPU
		{3477DC8A-A885-41EB-BD4B-39B881567290}.Release|Any CPU.Build.0 = Release|Any CPU
	EndGlobalSection
	GlobalSection(SolutionProperties) = preSolution
		HideSolutionNode = FALSE
	EndGlobalSection
	GlobalSection(ExtensibilityGlobals) = postSolution
		SolutionGuid = {C4C4B326-F45B-464F-A96E-F3554E45E613}
	EndGlobalSection
EndGlobal
