
Microsoft Visual Studio Solution File, Format Version 12.00
# Visual Studio Version 17
VisualStudioVersion = 17.9.34714.143
MinimumVisualStudioVersion = 10.0.40219.1
Project("{FAE04EC0-301F-11D3-BF4B-00C04F79EFBC}") = "Server Side State Management", "Server Side State Management.csproj", "{B4E57011-3BCA-4C17-8D4E-E7B5DAECE909}"
EndProject
Global
	GlobalSection(SolutionConfigurationPlatforms) = preSolution
		Debug|Any CPU = Debug|Any CPU
		Release|Any CPU = Release|Any CPU
	EndGlobalSection
	GlobalSection(ProjectConfigurationPlatforms) = postSolution
		{B4E57011-3BCA-4C17-8D4E-E7B5DAECE909}.Debug|Any CPU.ActiveCfg = Debug|Any CPU
		{B4E57011-3BCA-4C17-8D4E-E7B5DAECE909}.Debug|Any CPU.Build.0 = Debug|Any CPU
		{B4E57011-3BCA-4C17-8D4E-E7B5DAECE909}.Release|Any CPU.ActiveCfg = Release|Any CPU
		{B4E57011-3BCA-4C17-8D4E-E7B5DAECE909}.Release|Any CPU.Build.0 = Release|Any CPU
	EndGlobalSection
	GlobalSection(SolutionProperties) = preSolution
		HideSolutionNode = FALSE
	EndGlobalSection
	GlobalSection(ExtensibilityGlobals) = postSolution
		SolutionGuid = {EADAAD12-CE86-4CB4-991A-DD1EF5D2CE56}
	EndGlobalSection
EndGlobal
