
Microsoft Visual Studio Solution File, Format Version 12.00
# Visual Studio Version 17
VisualStudioVersion = 17.8.34511.84
MinimumVisualStudioVersion = 10.0.40219.1
Project("{FAE04EC0-301F-11D3-BF4B-00C04F79EFBC}") = "firstTry", "firstTry.csproj", "{1C0D81EA-0745-4509-AEB0-FAEDDCAE3DDC}"
EndProject
Global
	GlobalSection(SolutionConfigurationPlatforms) = preSolution
		Debug|Any CPU = Debug|Any CPU
		Release|Any CPU = Release|Any CPU
	EndGlobalSection
	GlobalSection(ProjectConfigurationPlatforms) = postSolution
		{1C0D81EA-0745-4509-AEB0-FAEDDCAE3DDC}.Debug|Any CPU.ActiveCfg = Debug|Any CPU
		{1C0D81EA-0745-4509-AEB0-FAEDDCAE3DDC}.Debug|Any CPU.Build.0 = Debug|Any CPU
		{1C0D81EA-0745-4509-AEB0-FAEDDCAE3DDC}.Release|Any CPU.ActiveCfg = Release|Any CPU
		{1C0D81EA-0745-4509-AEB0-FAEDDCAE3DDC}.Release|Any CPU.Build.0 = Release|Any CPU
	EndGlobalSection
	GlobalSection(SolutionProperties) = preSolution
		HideSolutionNode = FALSE
	EndGlobalSection
	GlobalSection(ExtensibilityGlobals) = postSolution
		SolutionGuid = {EE0EACE3-6902-49F6-A146-A6045370AF0F}
	EndGlobalSection
EndGlobal
